%{
  "argon2_elixir": {:hex, :argon2_elixir, "2.0.5", "0073a87d755c7e63fc4f9d08b1d1646585b93f144cecde126e15061b24240b20", [:make, :mix], [{:comeonin, "~> 5.1", [hex: :comeonin, repo: "hexpm", optional: false]}, {:elixir_make, "~> 0.5", [hex: :elixir_make, repo: "hexpm", optional: false]}], "hexpm"},
  "base64url": {:hex, :base64url, "0.0.1", "36a90125f5948e3afd7be97662a1504b934dd5dac78451ca6e9abf85a10286be", [:rebar], [], "hexpm"},
  "certifi": {:hex, :certifi, "2.5.1", "867ce347f7c7d78563450a18a6a28a8090331e77fa02380b4a21962a65d36ee5", [:rebar3], [{:parse_trans, "~>3.3", [hex: :parse_trans, repo: "hexpm", optional: false]}], "hexpm"},
  "cldr_utils": {:hex, :cldr_utils, "2.0.4", "d32156b5209aa03b5665fa0edec959c347400308cf74f9fd58635ebfc4406574", [:mix], [{:decimal, "~> 1.5", [hex: :decimal, repo: "hexpm", optional: false]}], "hexpm"},
  "combine": {:hex, :combine, "0.10.0", "eff8224eeb56498a2af13011d142c5e7997a80c8f5b97c499f84c841032e429f", [:mix], [], "hexpm"},
  "comeonin": {:hex, :comeonin, "5.1.2", "fbbbbbfcf0f0e9900c0336d16c8d462edf838ba1759577e29cc5fbd7c28a4540", [:mix], [], "hexpm"},
  "connection": {:hex, :connection, "1.0.4", "a1cae72211f0eef17705aaededacac3eb30e6625b04a6117c1b2db6ace7d5976", [:mix], [], "hexpm"},
  "cowboy": {:hex, :cowboy, "2.6.3", "99aa50e94e685557cad82e704457336a453d4abcb77839ad22dbe71f311fcc06", [:rebar3], [{:cowlib, "~> 2.7.3", [hex: :cowlib, repo: "hexpm", optional: false]}, {:ranch, "~> 1.7.1", [hex: :ranch, repo: "hexpm", optional: false]}], "hexpm"},
  "cowlib": {:hex, :cowlib, "2.7.3", "a7ffcd0917e6d50b4d5fb28e9e2085a0ceb3c97dea310505f7460ff5ed764ce9", [:rebar3], [], "hexpm"},
  "db_connection": {:hex, :db_connection, "2.1.1", "a51e8a2ee54ef2ae6ec41a668c85787ed40cb8944928c191280fe34c15b76ae5", [:mix], [{:connection, "~> 1.0.2", [hex: :connection, repo: "hexpm", optional: false]}], "hexpm"},
  "decimal": {:hex, :decimal, "1.8.0", "ca462e0d885f09a1c5a342dbd7c1dcf27ea63548c65a65e67334f4b61803822e", [:mix], [], "hexpm"},
  "deppie": {:hex, :deppie, "1.1.2", "6e90b0baf70055ee85b5d87c1649f39acb05df3c24d4d46f90a4a03b8e57619f", [:mix], [{:global_flags, "~> 1.0", [hex: :global_flags, repo: "hexpm", optional: false]}], "hexpm"},
  "dialyxir": {:hex, :dialyxir, "1.0.0-rc.6", "78e97d9c0ff1b5521dd68041193891aebebce52fc3b93463c0a6806874557d7d", [:mix], [{:erlex, "~> 0.2.1", [hex: :erlex, repo: "hexpm", optional: false]}], "hexpm"},
  "drab": {:hex, :drab, "0.10.1", "e462cc9d5317c1bcb314a9e9971cd8c0be24c2339a6767d8ee72a78256737b68", [:mix], [{:cowboy, "~> 1.0 or ~> 2.2.2 or ~> 2.3", [hex: :cowboy, repo: "hexpm", optional: false]}, {:deppie, "~> 1.0", [hex: :deppie, repo: "hexpm", optional: false]}, {:floki, ">= 0.20.2", [hex: :floki, repo: "hexpm", optional: false]}, {:gettext, "~> 0.11", [hex: :gettext, repo: "hexpm", optional: false]}, {:jason, "~> 1.0", [hex: :jason, repo: "hexpm", optional: false]}, {:phoenix, "~> 1.2", [hex: :phoenix, repo: "hexpm", optional: false]}, {:phoenix_html, "~> 2.13", [hex: :phoenix_html, repo: "hexpm", optional: false]}, {:phoenix_pubsub, "~> 1.0", [hex: :phoenix_pubsub, repo: "hexpm", optional: false]}, {:plug_cowboy, "~> 1.0 or ~> 2.0", [hex: :plug_cowboy, repo: "hexpm", optional: false]}], "hexpm"},
  "ecto": {:hex, :ecto, "3.1.7", "fa21d06ef56cdc2fdaa62574e8c3ba34a2751d44ea34c30bc65f0728421043e5", [:mix], [{:decimal, "~> 1.6", [hex: :decimal, repo: "hexpm", optional: false]}, {:jason, "~> 1.0", [hex: :jason, repo: "hexpm", optional: true]}], "hexpm"},
  "ecto_enum": {:hex, :ecto_enum, "1.3.2", "659f7251b6a201a236db9dceef0f713319f095a23ad1d8718efd7a3d3ef3e21b", [:mix], [{:ecto, ">= 2.0.0", [hex: :ecto, repo: "hexpm", optional: false]}, {:mariaex, ">= 0.0.0", [hex: :mariaex, repo: "hexpm", optional: true]}, {:postgrex, ">= 0.0.0", [hex: :postgrex, repo: "hexpm", optional: true]}], "hexpm"},
  "ecto_sql": {:hex, :ecto_sql, "3.1.6", "1e80e30d16138a729c717f73dcb938590bcdb3a4502f3012414d0cbb261045d8", [:mix], [{:db_connection, "~> 2.0", [hex: :db_connection, repo: "hexpm", optional: false]}, {:ecto, "~> 3.1.0", [hex: :ecto, repo: "hexpm", optional: false]}, {:mariaex, "~> 0.9.1", [hex: :mariaex, repo: "hexpm", optional: true]}, {:myxql, "~> 0.2.0", [hex: :myxql, repo: "hexpm", optional: true]}, {:postgrex, "~> 0.14.0 or ~> 0.15.0", [hex: :postgrex, repo: "hexpm", optional: true]}, {:telemetry, "~> 0.4.0", [hex: :telemetry, repo: "hexpm", optional: false]}], "hexpm"},
  "elixir_make": {:hex, :elixir_make, "0.6.0", "38349f3e29aff4864352084fc736fa7fa0f2995a819a737554f7ebd28b85aaab", [:mix], [], "hexpm"},
  "erlex": {:hex, :erlex, "0.2.4", "23791959df45fe8f01f388c6f7eb733cc361668cbeedd801bf491c55a029917b", [:mix], [], "hexpm"},
  "ex_cldr": {:hex, :ex_cldr, "2.2.0", "983c4e6983f111f55ab219bf0e0772e37a53cef4012b278dfd3c2309ceb74337", [:mix], [{:cldr_utils, "~> 2.0", [hex: :cldr_utils, repo: "hexpm", optional: false]}, {:decimal, "~> 1.5", [hex: :decimal, repo: "hexpm", optional: false]}, {:gettext, "~> 0.13", [hex: :gettext, repo: "hexpm", optional: true]}, {:jason, "~> 1.0", [hex: :jason, repo: "hexpm", optional: true]}, {:nimble_parsec, "~> 0.5", [hex: :nimble_parsec, repo: "hexpm", optional: false]}, {:plug, "~> 1.4", [hex: :plug, repo: "hexpm", optional: true]}, {:sweet_xml, "~> 0.6", [hex: :sweet_xml, repo: "hexpm", optional: true]}], "hexpm"},
  "ex_cldr_currencies": {:hex, :ex_cldr_currencies, "2.0.0", "e91ee2cf81144cb308b2bf025c2877f38fc713475931efcd55885e149c2ae36f", [:mix], [{:ex_cldr, "~> 2.0", [hex: :ex_cldr, repo: "hexpm", optional: false]}, {:jason, "~> 1.0", [hex: :jason, repo: "hexpm", optional: true]}], "hexpm"},
  "ex_cldr_dates_times": {:git, "https://github.com/kipcole9/cldr_dates_times.git", "c9dd560dc5a0c1cc6ac94ca34d67becd94217e29", []},
  "ex_cldr_numbers": {:hex, :ex_cldr_numbers, "2.1.0", "ae7364223bea04e56d7f93b444e02b82c74c0d4230ab269b9688e3c0a5765ff1", [:mix], [{:decimal, "~> 1.5", [hex: :decimal, repo: "hexpm", optional: false]}, {:ex_cldr, "~> 2.1", [hex: :ex_cldr, repo: "hexpm", optional: false]}, {:ex_cldr_currencies, "~> 2.0", [hex: :ex_cldr_currencies, repo: "hexpm", optional: false]}, {:jason, "~> 1.0", [hex: :jason, repo: "hexpm", optional: true]}], "hexpm"},
  "ex_machina": {:hex, :ex_machina, "2.3.0", "92a5ad0a8b10ea6314b876a99c8c9e3f25f4dde71a2a835845b136b9adaf199a", [:mix], [{:ecto, "~> 2.2 or ~> 3.0", [hex: :ecto, repo: "hexpm", optional: true]}, {:ecto_sql, "~> 3.0", [hex: :ecto_sql, repo: "hexpm", optional: true]}], "hexpm"},
  "ex_ngrok": {:hex, :ex_ngrok, "0.3.4", "42094fb3d25847be2f4a0e1289582723e2dcd0deb9601bab084df328cfb1f508", [:mix], [{:httpoison, "~> 1.4", [hex: :httpoison, repo: "hexpm", optional: false]}, {:poison, "~> 3.1", [hex: :poison, repo: "hexpm", optional: false]}], "hexpm"},
  "facebook": {:hex, :facebook, "0.24.0", "51dc58c8ae17d14774803efd081530def3b54537eb37f198fe4b08ec6044a3da", [:mix], [{:httpoison, "~> 1.4", [hex: :httpoison, repo: "hexpm", optional: false]}, {:json, ">= 1.2.5", [hex: :json, repo: "hexpm", optional: false]}], "hexpm"},
  "faker": {:hex, :faker, "0.12.0", "796cbac868c86c2df6f273ea4cdf2e271860863820e479e04a374b7ee6c376b6", [:mix], [], "hexpm"},
  "file_system": {:hex, :file_system, "0.2.7", "e6f7f155970975789f26e77b8b8d8ab084c59844d8ecfaf58cbda31c494d14aa", [:mix], [], "hexpm"},
  "floki": {:hex, :floki, "0.22.0", "ac0449f1ac9db6769679c84c37ba63e64c64438b48bd0526788add86aabd9e80", [:mix], [{:html_entities, "~> 0.4.0", [hex: :html_entities, repo: "hexpm", optional: false]}, {:mochiweb, "~> 2.15", [hex: :mochiweb, repo: "hexpm", optional: false]}], "hexpm"},
  "gettext": {:hex, :gettext, "0.17.0", "abe21542c831887a2b16f4c94556db9c421ab301aee417b7c4fbde7fbdbe01ec", [:mix], [], "hexpm"},
  "global_flags": {:hex, :global_flags, "1.0.0", "ee6b864979a1fb38d1fbc67838565644baf632212bce864adca21042df036433", [:rebar3], [], "hexpm"},
  "guardian": {:hex, :guardian, "2.0.0", "5d3e537832b7cf35c8674da92457b7be671666a2eff4bf0f2ccfcfb3a8c67a0b", [:mix], [{:jose, "~> 1.8", [hex: :jose, repo: "hexpm", optional: false]}, {:plug, "~> 1.3.3 or ~> 1.4", [hex: :plug, repo: "hexpm", optional: true]}], "hexpm"},
  "hackney": {:hex, :hackney, "1.15.1", "9f8f471c844b8ce395f7b6d8398139e26ddca9ebc171a8b91342ee15a19963f4", [:rebar3], [{:certifi, "2.5.1", [hex: :certifi, repo: "hexpm", optional: false]}, {:idna, "6.0.0", [hex: :idna, repo: "hexpm", optional: false]}, {:metrics, "1.0.1", [hex: :metrics, repo: "hexpm", optional: false]}, {:mimerl, "~>1.1", [hex: :mimerl, repo: "hexpm", optional: false]}, {:ssl_verify_fun, "1.1.4", [hex: :ssl_verify_fun, repo: "hexpm", optional: false]}], "hexpm"},
  "html_entities": {:hex, :html_entities, "0.4.0", "f2fee876858cf6aaa9db608820a3209e45a087c5177332799592142b50e89a6b", [:mix], [], "hexpm"},
  "httpoison": {:hex, :httpoison, "1.5.1", "0f55b5b673b03c5c327dac7015a67cb571b99b631acc0bc1b0b98dcd6b9f2104", [:mix], [{:hackney, "~> 1.8", [hex: :hackney, repo: "hexpm", optional: false]}], "hexpm"},
  "idna": {:hex, :idna, "6.0.0", "689c46cbcdf3524c44d5f3dde8001f364cd7608a99556d8fbd8239a5798d4c10", [:rebar3], [{:unicode_util_compat, "0.4.1", [hex: :unicode_util_compat, repo: "hexpm", optional: false]}], "hexpm"},
  "jason": {:hex, :jason, "1.1.2", "b03dedea67a99223a2eaf9f1264ce37154564de899fd3d8b9a21b1a6fd64afe7", [:mix], [{:decimal, "~> 1.0", [hex: :decimal, repo: "hexpm", optional: true]}], "hexpm"},
  "jose": {:hex, :jose, "1.9.0", "4167c5f6d06ffaebffd15cdb8da61a108445ef5e85ab8f5a7ad926fdf3ada154", [:mix, :rebar3], [{:base64url, "~> 0.0.1", [hex: :base64url, repo: "hexpm", optional: false]}], "hexpm"},
  "json": {:hex, :json, "1.3.0", "2c6bac5303713d1b43ca6f3c881767f57b2adf668cde3013bd7157dc65ef299c", [:mix], [], "hexpm"},
  "metrics": {:hex, :metrics, "1.0.1", "25f094dea2cda98213cecc3aeff09e940299d950904393b2a29d191c346a8486", [:rebar3], [], "hexpm"},
  "mime": {:hex, :mime, "1.3.1", "30ce04ab3175b6ad0bdce0035cba77bba68b813d523d1aac73d9781b4d193cf8", [:mix], [], "hexpm"},
  "mimerl": {:hex, :mimerl, "1.2.0", "67e2d3f571088d5cfd3e550c383094b47159f3eee8ffa08e64106cdf5e981be3", [:rebar3], [], "hexpm"},
  "mix_test_watch": {:hex, :mix_test_watch, "0.9.0", "c72132a6071261893518fa08e121e911c9358713f62794a90c95db59042af375", [:mix], [{:file_system, "~> 0.2.1 or ~> 0.3", [hex: :file_system, repo: "hexpm", optional: false]}], "hexpm"},
  "mochiweb": {:hex, :mochiweb, "2.18.0", "eb55f1db3e6e960fac4e6db4e2db9ec3602cc9f30b86cd1481d56545c3145d2e", [:rebar3], [], "hexpm"},
  "mox": {:hex, :mox, "0.5.1", "f86bb36026aac1e6f924a4b6d024b05e9adbed5c63e8daa069bd66fb3292165b", [:mix], [], "hexpm"},
  "nimble_parsec": {:hex, :nimble_parsec, "0.5.0", "90e2eca3d0266e5c53f8fbe0079694740b9c91b6747f2b7e3c5d21966bba8300", [:mix], [], "hexpm"},
  "oauth2": {:hex, :oauth2, "0.9.4", "632e8e8826a45e33ac2ea5ac66dcc019ba6bb5a0d2ba77e342d33e3b7b252c6e", [:mix], [{:hackney, "~> 1.7", [hex: :hackney, repo: "hexpm", optional: false]}], "hexpm"},
  "parse_trans": {:hex, :parse_trans, "3.3.0", "09765507a3c7590a784615cfd421d101aec25098d50b89d7aa1d66646bc571c1", [:rebar3], [], "hexpm"},
  "phoenix": {:git, "https://github.com/phoenixframework/phoenix.git", "6e9194c9cf7d467271c7c2ce8687347463ae1d25", [branch: "v1.4"]},
  "phoenix_ecto": {:hex, :phoenix_ecto, "4.0.0", "c43117a136e7399ea04ecaac73f8f23ee0ffe3e07acfcb8062fe5f4c9f0f6531", [:mix], [{:ecto, "~> 3.0", [hex: :ecto, repo: "hexpm", optional: false]}, {:phoenix_html, "~> 2.9", [hex: :phoenix_html, repo: "hexpm", optional: true]}, {:plug, "~> 1.0", [hex: :plug, repo: "hexpm", optional: false]}], "hexpm"},
  "phoenix_html": {:git, "https://github.com/phoenixframework/phoenix_html.git", "31b9df2364106cd643210443e0c74284ce1c5919", []},
  "phoenix_live_reload": {:hex, :phoenix_live_reload, "1.2.1", "274a4b07c4adbdd7785d45a8b0bb57634d0b4f45b18d2c508b26c0344bd59b8f", [:mix], [{:file_system, "~> 0.2.1 or ~> 0.3", [hex: :file_system, repo: "hexpm", optional: false]}, {:phoenix, "~> 1.4", [hex: :phoenix, repo: "hexpm", optional: false]}], "hexpm"},
  "phoenix_live_view": {:git, "https://github.com/phoenixframework/phoenix_live_view.git", "b44da5e96ffbb758584aed40348090779f9284ac", []},
  "phoenix_pubsub": {:hex, :phoenix_pubsub, "1.1.2", "496c303bdf1b2e98a9d26e89af5bba3ab487ba3a3735f74bf1f4064d2a845a3e", [:mix], [], "hexpm"},
  "plug": {:hex, :plug, "1.8.3", "12d5f9796dc72e8ac9614e94bda5e51c4c028d0d428e9297650d09e15a684478", [:mix], [{:mime, "~> 1.0", [hex: :mime, repo: "hexpm", optional: false]}, {:plug_crypto, "~> 1.0", [hex: :plug_crypto, repo: "hexpm", optional: false]}, {:telemetry, "~> 0.4", [hex: :telemetry, repo: "hexpm", optional: true]}], "hexpm"},
  "plug_cowboy": {:hex, :plug_cowboy, "2.1.0", "b75768153c3a8a9e8039d4b25bb9b14efbc58e9c4a6e6a270abff1cd30cbe320", [:mix], [{:cowboy, "~> 2.5", [hex: :cowboy, repo: "hexpm", optional: false]}, {:plug, "~> 1.7", [hex: :plug, repo: "hexpm", optional: false]}], "hexpm"},
  "plug_crypto": {:hex, :plug_crypto, "1.0.0", "18e49317d3fa343f24620ed22795ec29d4a5e602d52d1513ccea0b07d8ea7d4d", [:mix], [], "hexpm"},
  "poison": {:hex, :poison, "3.1.0", "d9eb636610e096f86f25d9a46f35a9facac35609a7591b3be3326e99a0484665", [:mix], [], "hexpm"},
  "postgrex": {:hex, :postgrex, "0.15.0", "dd5349161019caeea93efa42f9b22f9d79995c3a86bdffb796427b4c9863b0f0", [:mix], [{:connection, "~> 1.0", [hex: :connection, repo: "hexpm", optional: false]}, {:db_connection, "~> 2.1", [hex: :db_connection, repo: "hexpm", optional: false]}, {:decimal, "~> 1.5", [hex: :decimal, repo: "hexpm", optional: false]}, {:jason, "~> 1.0", [hex: :jason, repo: "hexpm", optional: true]}], "hexpm"},
  "ranch": {:hex, :ranch, "1.7.1", "6b1fab51b49196860b733a49c07604465a47bdb78aa10c1c16a3d199f7f8c881", [:rebar3], [], "hexpm"},
  "ssl_verify_fun": {:hex, :ssl_verify_fun, "1.1.4", "f0eafff810d2041e93f915ef59899c923f4568f4585904d010387ed74988e77b", [:make, :mix, :rebar3], [], "hexpm"},
  "stream_data": {:hex, :stream_data, "0.4.3", "62aafd870caff0849a5057a7ec270fad0eb86889f4d433b937d996de99e3db25", [:mix], [], "hexpm"},
  "telemetry": {:hex, :telemetry, "0.4.0", "8339bee3fa8b91cb84d14c2935f8ecf399ccd87301ad6da6b71c09553834b2ab", [:rebar3], [], "hexpm"},
  "timex": {:hex, :timex, "3.6.1", "efdf56d0e67a6b956cc57774353b0329c8ab7726766a11547e529357ffdc1d56", [:mix], [{:combine, "~> 0.10", [hex: :combine, repo: "hexpm", optional: false]}, {:gettext, "~> 0.10", [hex: :gettext, repo: "hexpm", optional: false]}, {:tzdata, "~> 0.1.8 or ~> 0.5 or ~> 1.0.0", [hex: :tzdata, repo: "hexpm", optional: false]}], "hexpm"},
  "tzdata": {:hex, :tzdata, "1.0.1", "f6027a331af7d837471248e62733c6ebee86a72e57c613aa071ebb1f750fc71a", [:mix], [{:hackney, "~> 1.0", [hex: :hackney, repo: "hexpm", optional: false]}], "hexpm"},
  "ueberauth": {:hex, :ueberauth, "0.6.1", "9e90d3337dddf38b1ca2753aca9b1e53d8a52b890191cdc55240247c89230412", [:mix], [{:plug, "~> 1.5", [hex: :plug, repo: "hexpm", optional: false]}], "hexpm"},
  "ueberauth_facebook": {:hex, :ueberauth_facebook, "0.8.0", "9ec8571f804dd5c06f4e305d70606b39fc0ac8a8f43ed56ebb76012a97d14729", [:mix], [{:oauth2, "~> 0.9", [hex: :oauth2, repo: "hexpm", optional: false]}, {:ueberauth, "~> 0.4", [hex: :ueberauth, repo: "hexpm", optional: false]}], "hexpm"},
  "unicode_util_compat": {:hex, :unicode_util_compat, "0.4.1", "d869e4c68901dd9531385bb0c8c40444ebf624e60b6962d95952775cac5e90cd", [:rebar3], [], "hexpm"},
}
